{
  "originHash" : "dd49ab862ff2aa7edfca51b2310c3a7d3550db9b17658daead0b0cf386163484",
  "pins" : [
    {
      "identity" : "adaptivepanel",
      "kind" : "remoteSourceControl",
      "location" : "https://github.com/takimoto3/AdaptivePanel",
      "state" : {
        "revision" : "e71ea08b4a8912331734f0c5f08c045179a7609e",
        "version" : "1.1.1"
      }
    }
  ],
  "version" : 3
}
