{
  "originHash" : "dd49ab862ff2aa7edfca51b2310c3a7d3550db9b17658daead0b0cf386163484",
  "pins" : [
    {
      "identity" : "adaptivepanel",
      "kind" : "remoteSourceControl",
      "location" : "https://github.com/takimoto3/AdaptivePanel",
      "state" : {
        "revision" : "8f0ff7c44599a0fa49e47d003950e4b3387446fd",
        "version" : "1.1.0"
      }
    }
  ],
  "version" : 3
}
